{
  "pins" : [
    {
      "identity" : "bettersafariview",
      "kind" : "remoteSourceControl",
      "location" : "https://github.com/lake-of-fire/BetterSafariView.git",
      "state" : {
        "branch" : "main",
        "revision" : "7be35281ffa7ecbb4423605651998cd14d13f978"
      }
    },
    {
      "identity" : "bigsynckit",
      "kind" : "remoteSourceControl",
      "location" : "https://github.com/lake-of-fire/BigSyncKit.git",
      "state" : {
        "branch" : "main",
        "revision" : "0f7596c9a64e4a4d3bd6854029a811f00594b406"
      }
    },
    {
      "identity" : "cloudkitsyncmonitor",
      "kind" : "remoteSourceControl",
      "location" : "https://github.com/ggruen/CloudKitSyncMonitor.git",
      "state" : {
        "branch" : "main",
        "revision" : "8f8de8e71928df27bf023cc6ed808a8b6270a0d3"
      }
    },
    {
      "identity" : "dsfsearchfield",
      "kind" : "remoteSourceControl",
      "location" : "https://github.com/dagronf/DSFSearchField.git",
      "state" : {
        "branch" : "main",
        "revision" : "d2dac5e143a8e5ce49f9f12412932684072089ba"
      }
    },
    {
      "identity" : "elva",
      "kind" : "remoteSourceControl",
      "location" : "https://github.com/L1MeN9Yu/Elva.git",
      "state" : {
        "branch" : "main",
        "revision" : "fa091666bf724a9507138abce505f54aee07e919"
      }
    },
    {
      "identity" : "expandabletext",
      "kind" : "remoteSourceControl",
      "location" : "https://github.com/NuPlay/ExpandableText.git",
      "state" : {
        "branch" : "main",
        "revision" : "d140b404c6683bb169bb01ef4eeecdb6d9be8fb8"
      }
    },
    {
      "identity" : "filepicker",
      "kind" : "remoteSourceControl",
      "location" : "https://github.com/lake-of-fire/FilePicker.git",
      "state" : {
        "branch" : "main",
        "revision" : "4e445870eb07ae9c1e1aeedbb9b1098eaaabfb69"
      }
    },
    {
      "identity" : "keychain-swift",
      "kind" : "remoteSourceControl",
      "location" : "https://github.com/evgenyneu/keychain-swift.git",
      "state" : {
        "branch" : "master",
        "revision" : "c1fde55798b164cad44b5e23cfa2f0f1ebcd76af"
      }
    },
    {
      "identity" : "lakeimage",
      "kind" : "remoteSourceControl",
      "location" : "https://github.com/lake-of-fire/LakeImage.git",
      "state" : {
        "branch" : "main",
        "revision" : "a735275f505ff9247fe6a95b494c80b344cfd488"
      }
    },
    {
      "identity" : "lrucache",
      "kind" : "remoteSourceControl",
      "location" : "https://github.com/nicklockwood/LRUCache.git",
      "state" : {
        "branch" : "main",
        "revision" : "6d2b5246c9c98dcd498552bb22f08d55b12a8371"
      }
    },
    {
      "identity" : "nuke",
      "kind" : "remoteSourceControl",
      "location" : "https://github.com/kean/Nuke.git",
      "state" : {
        "branch" : "main",
        "revision" : "fbad184f38eb628d57b5a4dca4aeaae652333d04"
      }
    },
    {
      "identity" : "popovers",
      "kind" : "remoteSourceControl",
      "location" : "https://github.com/lake-of-fire/Popovers.git",
      "state" : {
        "branch" : "main",
        "revision" : "5849f53b4feb4bbdf42f0e5d2478c127bf823fd6"
      }
    },
    {
      "identity" : "popupview",
      "kind" : "remoteSourceControl",
      "location" : "https://github.com/exyte/PopupView.git",
      "state" : {
        "branch" : "master",
        "revision" : "5724e89ce2e81f79ccfc1fabaaf5c42473234aef"
      }
    },
    {
      "identity" : "realm-core",
      "kind" : "remoteSourceControl",
      "location" : "https://github.com/realm/realm-core.git",
      "state" : {
        "revision" : "72226e2fd84f3a3a8ab3cffc2890c7951f1351d5",
        "version" : "13.10.1"
      }
    },
    {
      "identity" : "realm-swift",
      "kind" : "remoteSourceControl",
      "location" : "https://github.com/realm/realm-swift.git",
      "state" : {
        "revision" : "08ee98e7f52a5fb11b10b7430e6f84adbb7433a4",
        "version" : "10.39.1"
      }
    },
    {
      "identity" : "realmbinary",
      "kind" : "remoteSourceControl",
      "location" : "https://github.com/lake-of-fire/RealmBinary.git",
      "state" : {
        "branch" : "main",
        "revision" : "900539531dd45892e390d29c57eeec8ba224106b"
      }
    },
    {
      "identity" : "realmswiftgaps",
      "kind" : "remoteSourceControl",
      "location" : "https://github.com/lake-of-fire/RealmSwiftGaps.git",
      "state" : {
        "branch" : "main",
        "revision" : "7730c2705b91a1cf4c5f52fc1caba63e50fc6bd8"
      }
    },
    {
      "identity" : "splitview",
      "kind" : "remoteSourceControl",
      "location" : "https://github.com/stevengharris/SplitView.git",
      "state" : {
        "branch" : "main",
        "revision" : "b43b07b06aefc5a0daf574938e3b55a47390bcc4"
      }
    },
    {
      "identity" : "storehelper",
      "kind" : "remoteSourceControl",
      "location" : "https://github.com/lake-of-fire/StoreHelper",
      "state" : {
        "branch" : "main",
        "revision" : "0194223bb9d09c87c8ec46fb7bb28732d61f108d"
      }
    },
    {
      "identity" : "swift-algorithms",
      "kind" : "remoteSourceControl",
      "location" : "https://github.com/apple/swift-algorithms.git",
      "state" : {
        "branch" : "main",
        "revision" : "288d8b00f2d7d746dce8997124f4a7d902100af7"
      }
    },
    {
      "identity" : "swift-collections",
      "kind" : "remoteSourceControl",
      "location" : "https://github.com/apple/swift-collections.git",
      "state" : {
        "branch" : "main",
        "revision" : "939cfd25234472b4dc91c3caeab304d15bca9a73"
      }
    },
    {
      "identity" : "swift-markdownkit",
      "kind" : "remoteSourceControl",
      "location" : "https://github.com/objecthub/swift-markdownkit.git",
      "state" : {
        "branch" : "master",
        "revision" : "69b44cd50c683527643baa1d78ef71cda40ff65e"
      }
    },
    {
      "identity" : "swift-numerics",
      "kind" : "remoteSourceControl",
      "location" : "https://github.com/apple/swift-numerics",
      "state" : {
        "revision" : "0a5bc04095a675662cf24757cc0640aa2204253b",
        "version" : "1.0.2"
      }
    },
    {
      "identity" : "swift-system",
      "kind" : "remoteSourceControl",
      "location" : "https://github.com/apple/swift-system.git",
      "state" : {
        "revision" : "025bcb1165deab2e20d4eaba79967ce73013f496",
        "version" : "1.2.1"
      }
    },
    {
      "identity" : "swift-url",
      "kind" : "remoteSourceControl",
      "location" : "https://github.com/lake-of-fire/swift-url.git",
      "state" : {
        "branch" : "main",
        "revision" : "26f0f7d3972aef955b4ac91b3d95c24faf933d4f"
      }
    },
    {
      "identity" : "swiftbackports",
      "kind" : "remoteSourceControl",
      "location" : "https://github.com/shaps80/SwiftBackports",
      "state" : {
        "revision" : "fafbeabf78b7e364abbbb7565cdfeee42af16211",
        "version" : "1.0.2"
      }
    },
    {
      "identity" : "swiftdate",
      "kind" : "remoteSourceControl",
      "location" : "https://github.com/malcommac/SwiftDate.git",
      "state" : {
        "branch" : "master",
        "revision" : "5d943224c3bb173e6ecf27295611615eba90c80e"
      }
    },
    {
      "identity" : "swiftui-introspect",
      "kind" : "remoteSourceControl",
      "location" : "https://github.com/siteline/SwiftUI-Introspect.git",
      "state" : {
        "branch" : "main",
        "revision" : "7d85109b19e425314badd0311dc6b58abd4dcc5b"
      }
    },
    {
      "identity" : "swiftui-layout-guides",
      "kind" : "remoteSourceControl",
      "location" : "https://github.com/lake-of-fire/swiftui-layout-guides.git",
      "state" : {
        "branch" : "main",
        "revision" : "3983f2c3566ea6c08c4a47a79a7ee7729d45772c"
      }
    },
    {
      "identity" : "swiftuibackports",
      "kind" : "remoteSourceControl",
      "location" : "https://github.com/shaps80/SwiftUIBackports.git",
      "state" : {
        "branch" : "main",
        "revision" : "cbf0a6d8311c73bf722edf85f42535d4d99228c1"
      }
    },
    {
      "identity" : "swiftuidownloads",
      "kind" : "remoteSourceControl",
      "location" : "https://github.com/lake-of-fire/SwiftUIDownloads.git",
      "state" : {
        "branch" : "main",
        "revision" : "608d2e0b107bd30bf2c6c46bdbe80d07ef52c665"
      }
    },
    {
      "identity" : "swiftuidrag",
      "kind" : "remoteSourceControl",
      "location" : "https://github.com/lake-of-fire/SwiftUIDrag.git",
      "state" : {
        "branch" : "main",
        "revision" : "468d9567d71c3f61c0094c57b5b6fcdaf7a53716"
      }
    },
    {
      "identity" : "swiftutilities",
      "kind" : "remoteSourceControl",
      "location" : "https://github.com/lake-of-fire/SwiftUtilities.git",
      "state" : {
        "branch" : "main",
        "revision" : "39ed80ab2e4f9701f18082278353c6305fb6304b"
      }
    },
    {
      "identity" : "visionlivetext_swiftuicompatible",
      "kind" : "remoteSourceControl",
      "location" : "https://github.com/lake-of-fire/VisionLiveText_SwiftUICompatible.git",
      "state" : {
        "branch" : "main",
        "revision" : "4507047c5300582603c8e19040634bd86a534ab2"
      }
    }
  ],
  "version" : 2
}
