{
  "originHash" : "6c6cf124c9aba5ead82c8484902b5a831cce3386fbe5d08f5ab249613b3d9dc2",
  "pins" : [
    {
      "identity" : "bettersafariview2",
      "kind" : "remoteSourceControl",
      "location" : "https://github.com/lake-of-fire/BetterSafariView2.git",
      "state" : {
        "branch" : "main",
        "revision" : "4e0f3af7787296e73e6b68499f7d78441b798649"
      }
    },
    {
      "identity" : "brotli",
      "kind" : "remoteSourceControl",
      "location" : "https://github.com/NghiaTranUIT/Brotli.git",
      "state" : {
        "branch" : "master",
        "revision" : "57aae2129a6d5e56a6476b1a3891ed7049bc0a9a"
      }
    },
    {
      "identity" : "cloudkitsyncmonitor",
      "kind" : "remoteSourceControl",
      "location" : "https://github.com/lake-of-fire/CloudKitSyncMonitor.git",
      "state" : {
        "branch" : "main",
        "revision" : "40176273ab7197e041e36d202ddd6385541ef46d"
      }
    },
    {
      "identity" : "combine-schedulers",
      "kind" : "remoteSourceControl",
      "location" : "https://github.com/pointfreeco/combine-schedulers",
      "state" : {
        "revision" : "fd16d76fd8b9a976d88bfb6cacc05ca8d19c91b6",
        "version" : "1.1.0"
      }
    },
    {
      "identity" : "debouncedonchange",
      "kind" : "remoteSourceControl",
      "location" : "https://github.com/Tunous/DebouncedOnChange.git",
      "state" : {
        "branch" : "main",
        "revision" : "2583a30a8d277c3475c1b3a10b0f902a7be34f3b"
      }
    },
    {
      "identity" : "dsfsearchfield",
      "kind" : "remoteSourceControl",
      "location" : "https://github.com/lake-of-fire/DSFSearchField.git",
      "state" : {
        "branch" : "main",
        "revision" : "2b8fe511d76a6aeb46afa2242d18b6cd9f7455d1"
      }
    },
    {
      "identity" : "filepicker",
      "kind" : "remoteSourceControl",
      "location" : "https://github.com/lake-of-fire/FilePicker.git",
      "state" : {
        "branch" : "main",
        "revision" : "4e445870eb07ae9c1e1aeedbb9b1098eaaabfb69"
      }
    },
    {
      "identity" : "grdb.swift",
      "kind" : "remoteSourceControl",
      "location" : "https://github.com/groue/GRDB.swift",
      "state" : {
        "revision" : "aa0079aeb82a4bf00324561a40bffe68c6fe1c26",
        "version" : "7.9.0"
      }
    },
    {
      "identity" : "keychain-swift",
      "kind" : "remoteSourceControl",
      "location" : "https://github.com/lake-of-fire/keychain-swift.git",
      "state" : {
        "branch" : "master",
        "revision" : "15460dbb60bde406dec045d018a1895425c89cd1"
      }
    },
    {
      "identity" : "lakeimage",
      "kind" : "remoteSourceControl",
      "location" : "https://github.com/lake-of-fire/LakeImage.git",
      "state" : {
        "branch" : "main",
        "revision" : "beb6dc915860cef92db6ea9e3c6bfef494c8b707"
      }
    },
    {
      "identity" : "lrucache",
      "kind" : "remoteSourceControl",
      "location" : "https://github.com/nicklockwood/LRUCache.git",
      "state" : {
        "revision" : "cb5b2bd0da83ad29c0bec762d39f41c8ad0eaf3e",
        "version" : "1.2.1"
      }
    },
    {
      "identity" : "navigationbackport",
      "kind" : "remoteSourceControl",
      "location" : "https://github.com/johnpatrickmorgan/NavigationBackport.git",
      "state" : {
        "branch" : "main",
        "revision" : "540d823fdfbbe495cbbe0afc80c409d63c9995c0"
      }
    },
    {
      "identity" : "nuke",
      "kind" : "remoteSourceControl",
      "location" : "https://github.com/kean/Nuke.git",
      "state" : {
        "branch" : "main",
        "revision" : "88849b71eda654a2f4326801d96cc3b01d0d7efa"
      }
    },
    {
      "identity" : "pow",
      "kind" : "remoteSourceControl",
      "location" : "https://github.com/EmergeTools/Pow.git",
      "state" : {
        "branch" : "main",
        "revision" : "1b4b1dda28c50b95f0872927ee2226fe8b58950e"
      }
    },
    {
      "identity" : "puppy",
      "kind" : "remoteSourceControl",
      "location" : "https://github.com/lake-of-fire/Puppy.git",
      "state" : {
        "branch" : "main",
        "revision" : "d193774c3a9b052d144ec86d4cca5b36442cdc5a"
      }
    },
    {
      "identity" : "realm-core",
      "kind" : "remoteSourceControl",
      "location" : "https://github.com/realm/realm-core.git",
      "state" : {
        "revision" : "4cc46f8607516226e5465062fdacd088fbd94552",
        "version" : "20.1.4"
      }
    },
    {
      "identity" : "realm-swift",
      "kind" : "remoteSourceControl",
      "location" : "https://github.com/realm/realm-swift.git",
      "state" : {
        "revision" : "600e187711e5fa4e8e2c0429cacee27e8e44f112",
        "version" : "20.0.4"
      }
    },
    {
      "identity" : "realmswiftgaps",
      "kind" : "remoteSourceControl",
      "location" : "https://github.com/lake-of-fire/RealmSwiftGaps.git",
      "state" : {
        "branch" : "main",
        "revision" : "f2f5e54628b3474f281ae3d70fc3aaed471a9ecd"
      }
    },
    {
      "identity" : "splitview",
      "kind" : "remoteSourceControl",
      "location" : "https://github.com/stevengharris/SplitView.git",
      "state" : {
        "branch" : "main",
        "revision" : "7737a80740919c2fa94a6e64f870d37ef77b9b5f"
      }
    },
    {
      "identity" : "sqlite-data",
      "kind" : "remoteSourceControl",
      "location" : "https://github.com/pointfreeco/sqlite-data.git",
      "state" : {
        "revision" : "65502acdb033ec8025a0bcc443abf2f4ca0598f9",
        "version" : "1.6.0"
      }
    },
    {
      "identity" : "storehelper",
      "kind" : "remoteSourceControl",
      "location" : "https://github.com/lake-of-fire/StoreHelper.git",
      "state" : {
        "branch" : "main",
        "revision" : "60b410573cc36d7da51c0548fdcae49619c30f03"
      }
    },
    {
      "identity" : "swift-algorithms",
      "kind" : "remoteSourceControl",
      "location" : "https://github.com/apple/swift-algorithms.git",
      "state" : {
        "branch" : "main",
        "revision" : "0b4376902cfc3901c496a79f2cb70f1ffd583fff"
      }
    },
    {
      "identity" : "swift-async-algorithms",
      "kind" : "remoteSourceControl",
      "location" : "https://github.com/apple/swift-async-algorithms",
      "state" : {
        "revision" : "9d349bcc328ac3c31ce40e746b5882742a0d1272",
        "version" : "1.1.3"
      }
    },
    {
      "identity" : "swift-clocks",
      "kind" : "remoteSourceControl",
      "location" : "https://github.com/pointfreeco/swift-clocks",
      "state" : {
        "revision" : "cc46202b53476d64e824e0b6612da09d84ffde8e",
        "version" : "1.0.6"
      }
    },
    {
      "identity" : "swift-collections",
      "kind" : "remoteSourceControl",
      "location" : "https://github.com/apple/swift-collections.git",
      "state" : {
        "branch" : "main",
        "revision" : "6741fb960b770d26e416a472e32c23077ed181e7"
      }
    },
    {
      "identity" : "swift-concurrency-extras",
      "kind" : "remoteSourceControl",
      "location" : "https://github.com/pointfreeco/swift-concurrency-extras",
      "state" : {
        "revision" : "5a3825302b1a0d744183200915a47b508c828e6f",
        "version" : "1.3.2"
      }
    },
    {
      "identity" : "swift-custom-dump",
      "kind" : "remoteSourceControl",
      "location" : "https://github.com/pointfreeco/swift-custom-dump",
      "state" : {
        "revision" : "2a2a938798236b8fa0bc57c453ee9de9f9ec3ab0",
        "version" : "1.4.1"
      }
    },
    {
      "identity" : "swift-dependencies",
      "kind" : "remoteSourceControl",
      "location" : "https://github.com/pointfreeco/swift-dependencies",
      "state" : {
        "revision" : "c79f72b3e67a1eb64f66f76704c22ed6a5c1ed84",
        "version" : "1.11.0"
      }
    },
    {
      "identity" : "swift-identified-collections",
      "kind" : "remoteSourceControl",
      "location" : "https://github.com/pointfreeco/swift-identified-collections",
      "state" : {
        "revision" : "322d9ffeeba85c9f7c4984b39422ec7cc3c56597",
        "version" : "1.1.1"
      }
    },
    {
      "identity" : "swift-log",
      "kind" : "remoteSourceControl",
      "location" : "https://github.com/apple/swift-log.git",
      "state" : {
        "branch" : "main",
        "revision" : "d5dbc04d530c510eb4e9072c4958c511e612b2b1"
      }
    },
    {
      "identity" : "swift-numerics",
      "kind" : "remoteSourceControl",
      "location" : "https://github.com/apple/swift-numerics.git",
      "state" : {
        "revision" : "0c0290ff6b24942dadb83a929ffaaa1481df04a2",
        "version" : "1.1.1"
      }
    },
    {
      "identity" : "swift-perception",
      "kind" : "remoteSourceControl",
      "location" : "https://github.com/pointfreeco/swift-perception",
      "state" : {
        "revision" : "4f47ebafed5f0b0172cf5c661454fa8e28fb2ac4",
        "version" : "2.0.9"
      }
    },
    {
      "identity" : "swift-sharing",
      "kind" : "remoteSourceControl",
      "location" : "https://github.com/pointfreeco/swift-sharing",
      "state" : {
        "revision" : "3bfc408cc2d0bee2287c174da6b1c76768377818",
        "version" : "2.7.4"
      }
    },
    {
      "identity" : "swift-snapshot-testing",
      "kind" : "remoteSourceControl",
      "location" : "https://github.com/pointfreeco/swift-snapshot-testing",
      "state" : {
        "revision" : "bf8d8c27f0f0c6d5e77bff0db76ab68f2050d15d",
        "version" : "1.18.9"
      }
    },
    {
      "identity" : "swift-structured-queries",
      "kind" : "remoteSourceControl",
      "location" : "https://github.com/pointfreeco/swift-structured-queries",
      "state" : {
        "revision" : "20db4a2a446f51e67e1207d54a23ad0a03471a7b",
        "version" : "0.31.0"
      }
    },
    {
      "identity" : "swift-syntax",
      "kind" : "remoteSourceControl",
      "location" : "https://github.com/swiftlang/swift-syntax",
      "state" : {
        "revision" : "4799286537280063c85a32f09884cfbca301b1a1",
        "version" : "602.0.0"
      }
    },
    {
      "identity" : "swiftbackports",
      "kind" : "remoteSourceControl",
      "location" : "https://github.com/shaps80/SwiftBackports",
      "state" : {
        "revision" : "19ce89c82df9c042f4153d204c03fc904cab9c98",
        "version" : "26.0.1"
      }
    },
    {
      "identity" : "swiftui-introspect",
      "kind" : "remoteSourceControl",
      "location" : "https://github.com/siteline/SwiftUI-Introspect.git",
      "state" : {
        "revision" : "26986a57e31c813f98262ddb62d4b07d40008535",
        "version" : "26.0.1"
      }
    },
    {
      "identity" : "swiftuibackports",
      "kind" : "remoteSourceControl",
      "location" : "https://github.com/shaps80/SwiftUIBackports.git",
      "state" : {
        "branch" : "main",
        "revision" : "2beebc6960375b3af3655447586e768a5271a5c2"
      }
    },
    {
      "identity" : "swiftuidownloads",
      "kind" : "remoteSourceControl",
      "location" : "https://github.com/lake-of-fire/SwiftUIDownloads.git",
      "state" : {
        "branch" : "main",
        "revision" : "f4707c81aef01aae5e2f3a8a5315add150165b28"
      }
    },
    {
      "identity" : "visionlivetext_swiftuicompatible",
      "kind" : "remoteSourceControl",
      "location" : "https://github.com/lake-of-fire/VisionLiveText_SwiftUICompatible.git",
      "state" : {
        "branch" : "main",
        "revision" : "4507047c5300582603c8e19040634bd86a534ab2"
      }
    },
    {
      "identity" : "xctest-dynamic-overlay",
      "kind" : "remoteSourceControl",
      "location" : "https://github.com/pointfreeco/xctest-dynamic-overlay",
      "state" : {
        "revision" : "34e463e98ab8541c604af706c99bed7160f5ec70",
        "version" : "1.8.1"
      }
    },
    {
      "identity" : "zipfoundation",
      "kind" : "remoteSourceControl",
      "location" : "https://github.com/weichsel/ZIPFoundation.git",
      "state" : {
        "branch" : "development",
        "revision" : "d6e0da4509c22274b2775b0e8c741518194acba1"
      }
    },
    {
      "identity" : "zstd",
      "kind" : "remoteSourceControl",
      "location" : "https://github.com/facebook/zstd.git",
      "state" : {
        "revision" : "f8745da6ff1ad1e7bab384bd1f9d742439278e99",
        "version" : "1.5.7"
      }
    }
  ],
  "version" : 3
}
